
Microsoft Visual Studio Solution File, Format Version 12.00
# Visual Studio Version 17
VisualStudioVersion = 17.4.33103.184
MinimumVisualStudioVersion = 10.0.40219.1
Project("{FAE04EC0-301F-11D3-BF4B-00C04F79EFBC}") = "StartupFAV4Net", "StartupFAV4Net.csproj", "{D7F99AD6-1AC7-49BB-ACCE-890C50F6F9CB}"
EndProject
Global
	GlobalSection(SolutionConfigurationPlatforms) = preSolution
		Debug|Any CPU = Debug|Any CPU
		Release|Any CPU = Release|Any CPU
	EndGlobalSection
	GlobalSection(ProjectConfigurationPlatforms) = postSolution
		{D7F99AD6-1AC7-49BB-ACCE-890C50F6F9CB}.Debug|Any CPU.ActiveCfg = Debug|Any CPU
		{D7F99AD6-1AC7-49BB-ACCE-890C50F6F9CB}.Debug|Any CPU.Build.0 = Debug|Any CPU
		{D7F99AD6-1AC7-49BB-ACCE-890C50F6F9CB}.Release|Any CPU.ActiveCfg = Release|Any CPU
		{D7F99AD6-1AC7-49BB-ACCE-890C50F6F9CB}.Release|Any CPU.Build.0 = Release|Any CPU
	EndGlobalSection
	GlobalSection(SolutionProperties) = preSolution
		HideSolutionNode = FALSE
	EndGlobalSection
	GlobalSection(ExtensibilityGlobals) = postSolution
		SolutionGuid = {DEDC96D9-5845-4193-B2C5-6A683FA3564F}
	EndGlobalSection
EndGlobal
